// !$*UTF8*$!
{
	archiveVersion = 1;
	classes = {
	};
	objectVersion = 51;
	objects = {

/* Begin PBXBuildFile section */
		8A152C3A266E61040011D7F8 /* FinishVC.swift in Sources */ = {isa = PBXBuildFile; fileRef = 8A152C38266E61040011D7F8 /* FinishVC.swift */; };
		8A152C3B266E61040011D7F8 /* FinishVC.xib in Resources */ = {isa = PBXBuildFile; fileRef = 8A152C39266E61040011D7F8 /* FinishVC.xib */; };
		8AA98F96266A533500E72E7F /* AppDelegate.swift in Sources */ = {isa = PBXBuildFile; fileRef = 8AA98F95266A533500E72E7F /* AppDelegate.swift */; };
		8AA98FA0266A533500E72E7F /* Tesla.xcdatamodeld in Sources */ = {isa = PBXBuildFile; fileRef = 8AA98F9E266A533500E72E7F /* Tesla.xcdatamodeld */; };
		8AA98FA2266A533A00E72E7F /* Assets.xcassets in Resources */ = {isa = PBXBuildFile; fileRef = 8AA98FA1266A533A00E72E7F /* Assets.xcassets */; };
		8AA98FA5266A533A00E72E7F /* LaunchScreen.storyboard in Resources */ = {isa = PBXBuildFile; fileRef = 8AA98FA3266A533A00E72E7F /* LaunchScreen.storyboard */; };
		8AA98FB1266A548A00E72E7F /* MainVC.swift in Sources */ = {isa = PBXBuildFile; fileRef = 8AA98FAF266A548A00E72E7F /* MainVC.swift */; };
		8AA98FB2266A548A00E72E7F /* MainVC.xib in Resources */ = {isa = PBXBuildFile; fileRef = 8AA98FB0266A548A00E72E7F /* MainVC.xib */; };
		8AA98FBD266B6F5100E72E7F /* ModelSViewController.swift in Sources */ = {isa = PBXBuildFile; fileRef = 8AA98FBB266B6F5100E72E7F /* ModelSViewController.swift */; };
		8AA98FBE266B6F5100E72E7F /* ModelSViewController.xib in Resources */ = {isa = PBXBuildFile; fileRef = 8AA98FBC266B6F5100E72E7F /* ModelSViewController.xib */; };
		8AA98FC3266B6F6900E72E7F /* ModelYViewController.swift in Sources */ = {isa = PBXBuildFile; fileRef = 8AA98FC1266B6F6900E72E7F /* ModelYViewController.swift */; };
		8AA98FC4266B6F6900E72E7F /* ModelYViewController.xib in Resources */ = {isa = PBXBuildFile; fileRef = 8AA98FC2266B6F6900E72E7F /* ModelYViewController.xib */; };
		8AA98FC8266B6F7900E72E7F /* ModelXViewController.swift in Sources */ = {isa = PBXBuildFile; fileRef = 8AA98FC6266B6F7900E72E7F /* ModelXViewController.swift */; };
		8AA98FC9266B6F7900E72E7F /* ModelXViewController.xib in Resources */ = {isa = PBXBuildFile; fileRef = 8AA98FC7266B6F7900E72E7F /* ModelXViewController.xib */; };
		9E924E2AB95DB4E3BC98ADD0 /* Pods_Tesla.framework in Frameworks */ = {isa = PBXBuildFile; fileRef = 079BB4CB36704EFF524D9350 /* Pods_Tesla.framework */; };
/* End PBXBuildFile section */

/* Begin PBXFileReference section */
		079BB4CB36704EFF524D9350 /* Pods_Tesla.framework */ = {isa = PBXFileReference; explicitFileType = wrapper.framework; includeInIndex = 0; path = Pods_Tesla.framework; sourceTree = BUILT_PRODUCTS_DIR; };
		8A152C38266E61040011D7F8 /* FinishVC.swift */ = {isa = PBXFileReference; lastKnownFileType = sourcecode.swift; path = FinishVC.swift; sourceTree = "<group>"; };
		8A152C39266E61040011D7F8 /* FinishVC.xib */ = {isa = PBXFileReference; lastKnownFileType = file.xib; path = FinishVC.xib; sourceTree = "<group>"; };
		8AA98F92266A533500E72E7F /* Tesla.app */ = {isa = PBXFileReference; explicitFileType = wrapper.application; includeInIndex = 0; path = Tesla.app; sourceTree = BUILT_PRODUCTS_DIR; };
		8AA98F95266A533500E72E7F /* AppDelegate.swift */ = {isa = PBXFileReference; lastKnownFileType = sourcecode.swift; path = AppDelegate.swift; sourceTree = "<group>"; };
		8AA98F9F266A533500E72E7F /* Tesla.xcdatamodel */ = {isa = PBXFileReference; lastKnownFileType = wrapper.xcdatamodel; path = Tesla.xcdatamodel; sourceTree = "<group>"; };
		8AA98FA1266A533A00E72E7F /* Assets.xcassets */ = {isa = PBXFileReference; lastKnownFileType = folder.assetcatalog; path = Assets.xcassets; sourceTree = "<group>"; };
		8AA98FA4266A533A00E72E7F /* Base */ = {isa = PBXFileReference; lastKnownFileType = file.storyboard; name = Base; path = Base.lproj/LaunchScreen.storyboard; sourceTree = "<group>"; };
		8AA98FA6266A533A00E72E7F /* Info.plist */ = {isa = PBXFileReference; lastKnownFileType = text.plist.xml; path = Info.plist; sourceTree = "<group>"; };
		8AA98FAF266A548A00E72E7F /* MainVC.swift */ = {isa = PBXFileReference; lastKnownFileType = sourcecode.swift; path = MainVC.swift; sourceTree = "<group>"; };
		8AA98FB0266A548A00E72E7F /* MainVC.xib */ = {isa = PBXFileReference; lastKnownFileType = file.xib; path = MainVC.xib; sourceTree = "<group>"; };
		8AA98FBB266B6F5100E72E7F /* ModelSViewController.swift */ = {isa = PBXFileReference; lastKnownFileType = sourcecode.swift; path = ModelSViewController.swift; sourceTree = "<group>"; };
		8AA98FBC266B6F5100E72E7F /* ModelSViewController.xib */ = {isa = PBXFileReference; lastKnownFileType = file.xib; path = ModelSViewController.xib; sourceTree = "<group>"; };
		8AA98FC1266B6F6900E72E7F /* ModelYViewController.swift */ = {isa = PBXFileReference; lastKnownFileType = sourcecode.swift; path = ModelYViewController.swift; sourceTree = "<group>"; };
		8AA98FC2266B6F6900E72E7F /* ModelYViewController.xib */ = {isa = PBXFileReference; lastKnownFileType = file.xib; path = ModelYViewController.xib; sourceTree = "<group>"; };
		8AA98FC6266B6F7900E72E7F /* ModelXViewController.swift */ = {isa = PBXFileReference; lastKnownFileType = sourcecode.swift; path = ModelXViewController.swift; sourceTree = "<group>"; };
		8AA98FC7266B6F7900E72E7F /* ModelXViewController.xib */ = {isa = PBXFileReference; lastKnownFileType = file.xib; path = ModelXViewController.xib; sourceTree = "<group>"; };
		B49F4EC45BF107614D73B21F /* Pods-Tesla.debug.xcconfig */ = {isa = PBXFileReference; includeInIndex = 1; lastKnownFileType = text.xcconfig; name = "Pods-Tesla.debug.xcconfig"; path = "Target Support Files/Pods-Tesla/Pods-Tesla.debug.xcconfig"; sourceTree = "<group>"; };
		BC347AE9F458B7C41E4BE379 /* Pods-Tesla.release.xcconfig */ = {isa = PBXFileReference; includeInIndex = 1; lastKnownFileType = text.xcconfig; name = "Pods-Tesla.release.xcconfig"; path = "Target Support Files/Pods-Tesla/Pods-Tesla.release.xcconfig"; sourceTree = "<group>"; };
/* End PBXFileReference section */

/* Begin PBXFrameworksBuildPhase section */
		8AA98F8F266A533500E72E7F /* Frameworks */ = {
			isa = PBXFrameworksBuildPhase;
			buildActionMask = 2147483647;
			files = (
				9E924E2AB95DB4E3BC98ADD0 /* Pods_Tesla.framework in Frameworks */,
			);
			runOnlyForDeploymentPostprocessing = 0;
		};
/* End PBXFrameworksBuildPhase section */

/* Begin PBXGroup section */
		709D4671932B1CEBE7A40204 /* Pods */ = {
			isa = PBXGroup;
			children = (
				B49F4EC45BF107614D73B21F /* Pods-Tesla.debug.xcconfig */,
				BC347AE9F458B7C41E4BE379 /* Pods-Tesla.release.xcconfig */,
			);
			path = Pods;
			sourceTree = "<group>";
		};
		8AA98F89266A533500E72E7F = {
			isa = PBXGroup;
			children = (
				8AA98F94266A533500E72E7F /* Tesla */,
				8AA98F93266A533500E72E7F /* Products */,
				709D4671932B1CEBE7A40204 /* Pods */,
				E79E89405C20E27E645CBB08 /* Frameworks */,
			);
			sourceTree = "<group>";
		};
		8AA98F93266A533500E72E7F /* Products */ = {
			isa = PBXGroup;
			children = (
				8AA98F92266A533500E72E7F /* Tesla.app */,
			);
			name = Products;
			sourceTree = "<group>";
		};
		8AA98F94266A533500E72E7F /* Tesla */ = {
			isa = PBXGroup;
			children = (
				8AA98FBA266B6F2300E72E7F /* Model S */,
				8AA98FB9266B6F1B00E72E7F /* Model Y */,
				8AA98FB8266B6F0C00E72E7F /* Model X */,
				8AA98F95266A533500E72E7F /* AppDelegate.swift */,
				8AA98FA1266A533A00E72E7F /* Assets.xcassets */,
				8AA98FA3266A533A00E72E7F /* LaunchScreen.storyboard */,
				8AA98FA6266A533A00E72E7F /* Info.plist */,
				8AA98F9E266A533500E72E7F /* Tesla.xcdatamodeld */,
				8AA98FAF266A548A00E72E7F /* MainVC.swift */,
				8AA98FB0266A548A00E72E7F /* MainVC.xib */,
				8A152C38266E61040011D7F8 /* FinishVC.swift */,
				8A152C39266E61040011D7F8 /* FinishVC.xib */,
			);
			path = Tesla;
			sourceTree = "<group>";
		};
		8AA98FB8266B6F0C00E72E7F /* Model X */ = {
			isa = PBXGroup;
			children = (
				8AA98FC6266B6F7900E72E7F /* ModelXViewController.swift */,
				8AA98FC7266B6F7900E72E7F /* ModelXViewController.xib */,
			);
			path = "Model X";
			sourceTree = "<group>";
		};
		8AA98FB9266B6F1B00E72E7F /* Model Y */ = {
			isa = PBXGroup;
			children = (
				8AA98FC1266B6F6900E72E7F /* ModelYViewController.swift */,
				8AA98FC2266B6F6900E72E7F /* ModelYViewController.xib */,
			);
			path = "Model Y";
			sourceTree = "<group>";
		};
		8AA98FBA266B6F2300E72E7F /* Model S */ = {
			isa = PBXGroup;
			children = (
				8AA98FBB266B6F5100E72E7F /* ModelSViewController.swift */,
				8AA98FBC266B6F5100E72E7F /* ModelSViewController.xib */,
			);
			path = "Model S";
			sourceTree = "<group>";
		};
		E79E89405C20E27E645CBB08 /* Frameworks */ = {
			isa = PBXGroup;
			children = (
				079BB4CB36704EFF524D9350 /* Pods_Tesla.framework */,
			);
			name = Frameworks;
			sourceTree = "<group>";
		};
/* End PBXGroup section */

/* Begin PBXNativeTarget section */
		8AA98F91266A533500E72E7F /* Tesla */ = {
			isa = PBXNativeTarget;
			buildConfigurationList = 8AA98FA9266A533A00E72E7F /* Build configuration list for PBXNativeTarget "Tesla" */;
			buildPhases = (
				2A90B93E909DC5F803A3E2FD /* [CP] Check Pods Manifest.lock */,
				8AA98F8E266A533500E72E7F /* Sources */,
				8AA98F8F266A533500E72E7F /* Frameworks */,
				8AA98F90266A533500E72E7F /* Resources */,
				CBC808F9B9D9E1F211771B92 /* [CP] Embed Pods Frameworks */,
			);
			buildRules = (
			);
			dependencies = (
			);
			name = Tesla;
			productName = Tesla;
			productReference = 8AA98F92266A533500E72E7F /* Tesla.app */;
			productType = "com.apple.product-type.application";
		};
/* End PBXNativeTarget section */

/* Begin PBXProject section */
		8AA98F8A266A533500E72E7F /* Project object */ = {
			isa = PBXProject;
			attributes = {
				LastSwiftUpdateCheck = 1240;
				LastUpgradeCheck = 1240;
				TargetAttributes = {
					8AA98F91266A533500E72E7F = {
						CreatedOnToolsVersion = 12.4;
					};
				};
			};
			buildConfigurationList = 8AA98F8D266A533500E72E7F /* Build configuration list for PBXProject "Tesla" */;
			compatibilityVersion = "Xcode 9.3";
			developmentRegion = en;
			hasScannedForEncodings = 0;
			knownRegions = (
				en,
				Base,
			);
			mainGroup = 8AA98F89266A533500E72E7F;
			productRefGroup = 8AA98F93266A533500E72E7F /* Products */;
			projectDirPath = "";
			projectRoot = "";
			targets = (
				8AA98F91266A533500E72E7F /* Tesla */,
			);
		};
/* End PBXProject section */

/* Begin PBXResourcesBuildPhase section */
		8AA98F90266A533500E72E7F /* Resources */ = {
			isa = PBXResourcesBuildPhase;
			buildActionMask = 2147483647;
			files = (
				8AA98FBE266B6F5100E72E7F /* ModelSViewController.xib in Resources */,
				8AA98FB2266A548A00E72E7F /* MainVC.xib in Resources */,
				8AA98FA5266A533A00E72E7F /* LaunchScreen.storyboard in Resources */,
				8AA98FC4266B6F6900E72E7F /* ModelYViewController.xib in Resources */,
				8AA98FA2266A533A00E72E7F /* Assets.xcassets in Resources */,
				8A152C3B266E61040011D7F8 /* FinishVC.xib in Resources */,
				8AA98FC9266B6F7900E72E7F /* ModelXViewController.xib in Resources */,
			);
			runOnlyForDeploymentPostprocessing = 0;
		};
/* End PBXResourcesBuildPhase section */

/* Begin PBXShellScriptBuildPhase section */
		2A90B93E909DC5F803A3E2FD /* [CP] Check Pods Manifest.lock */ = {
			isa = PBXShellScriptBuildPhase;
			buildActionMask = 2147483647;
			files = (
			);
			inputFileListPaths = (
			);
			inputPaths = (
				"${PODS_PODFILE_DIR_PATH}/Podfile.lock",
				"${PODS_ROOT}/Manifest.lock",
			);
			name = "[CP] Check Pods Manifest.lock";
			outputFileListPaths = (
			);
			outputPaths = (
				"$(DERIVED_FILE_DIR)/Pods-Tesla-checkManifestLockResult.txt",
			);
			runOnlyForDeploymentPostprocessing = 0;
			shellPath = /bin/sh;
			shellScript = "diff \"${PODS_PODFILE_DIR_PATH}/Podfile.lock\" \"${PODS_ROOT}/Manifest.lock\" > /dev/null\nif [ $? != 0 ] ; then\n    # print error to STDERR\n    echo \"error: The sandbox is not in sync with the Podfile.lock. Run 'pod install' or update your CocoaPods installation.\" >&2\n    exit 1\nfi\n# This output is used by Xcode 'outputs' to avoid re-running this script phase.\necho \"SUCCESS\" > \"${SCRIPT_OUTPUT_FILE_0}\"\n";
			showEnvVarsInLog = 0;
		};
		CBC808F9B9D9E1F211771B92 /* [CP] Embed Pods Frameworks */ = {
			isa = PBXShellScriptBuildPhase;
			buildActionMask = 2147483647;
			files = (
			);
			inputFileListPaths = (
				"${PODS_ROOT}/Target Support Files/Pods-Tesla/Pods-Tesla-frameworks-${CONFIGURATION}-input-files.xcfilelist",
			);
			name = "[CP] Embed Pods Frameworks";
			outputFileListPaths = (
				"${PODS_ROOT}/Target Support Files/Pods-Tesla/Pods-Tesla-frameworks-${CONFIGURATION}-output-files.xcfilelist",
			);
			runOnlyForDeploymentPostprocessing = 0;
			shellPath = /bin/sh;
			shellScript = "\"${PODS_ROOT}/Target Support Files/Pods-Tesla/Pods-Tesla-frameworks.sh\"\n";
			showEnvVarsInLog = 0;
		};
/* End PBXShellScriptBuildPhase section */

/* Begin PBXSourcesBuildPhase section */
		8AA98F8E266A533500E72E7F /* Sources */ = {
			isa = PBXSourcesBuildPhase;
			buildActionMask = 2147483647;
			files = (
				8AA98FBD266B6F5100E72E7F /* ModelSViewController.swift in Sources */,
				8AA98F96266A533500E72E7F /* AppDelegate.swift in Sources */,
				8A152C3A266E61040011D7F8 /* FinishVC.swift in Sources */,
				8AA98FC3266B6F6900E72E7F /* ModelYViewController.swift in Sources */,
				8AA98FC8266B6F7900E72E7F /* ModelXViewController.swift in Sources */,
				8AA98FB1266A548A00E72E7F /* MainVC.swift in Sources */,
				8AA98FA0266A533500E72E7F /* Tesla.xcdatamodeld in Sources */,
			);
			runOnlyForDeploymentPostprocessing = 0;
		};
/* End PBXSourcesBuildPhase section */

/* Begin PBXVariantGroup section */
		8AA98FA3266A533A00E72E7F /* LaunchScreen.storyboard */ = {
			isa = PBXVariantGroup;
			children = (
				8AA98FA4266A533A00E72E7F /* Base */,
			);
			name = LaunchScreen.storyboard;
			sourceTree = "<group>";
		};
/* End PBXVariantGroup section */

/* Begin XCBuildConfiguration section */
		8AA98FA7266A533A00E72E7F /* Debug */ = {
			isa = XCBuildConfiguration;
			buildSettings = {
				ALWAYS_SEARCH_USER_PATHS = NO;
				CLANG_ANALYZER_NONNULL = YES;
				CLANG_ANALYZER_NUMBER_OBJECT_CONVERSION = YES_AGGRESSIVE;
				CLANG_CXX_LANGUAGE_STANDARD = "gnu++14";
				CLANG_CXX_LIBRARY = "libc++";
				CLANG_ENABLE_MODULES = YES;
				CLANG_ENABLE_OBJC_ARC = YES;
				CLANG_ENABLE_OBJC_WEAK = YES;
				CLANG_WARN_BLOCK_CAPTURE_AUTORELEASING = YES;
				CLANG_WARN_BOOL_CONVERSION = YES;
				CLANG_WARN_COMMA = YES;
				CLANG_WARN_CONSTANT_CONVERSION = YES;
				CLANG_WARN_DEPRECATED_OBJC_IMPLEMENTATIONS = YES;
				CLANG_WARN_DIRECT_OBJC_ISA_USAGE = YES_ERROR;
				CLANG_WARN_DOCUMENTATION_COMMENTS = YES;
				CLANG_WARN_EMPTY_BODY = YES;
				CLANG_WARN_ENUM_CONVERSION = YES;
				CLANG_WARN_INFINITE_RECURSION = YES;
				CLANG_WARN_INT_CONVERSION = YES;
				CLANG_WARN_NON_LITERAL_NULL_CONVERSION = YES;
				CLANG_WARN_OBJC_IMPLICIT_RETAIN_SELF = YES;
				CLANG_WARN_OBJC_LITERAL_CONVERSION = YES;
				CLANG_WARN_OBJC_ROOT_CLASS = YES_ERROR;
				CLANG_WARN_QUOTED_INCLUDE_IN_FRAMEWORK_HEADER = YES;
				CLANG_WARN_RANGE_LOOP_ANALYSIS = YES;
				CLANG_WARN_STRICT_PROTOTYPES = YES;
				CLANG_WARN_SUSPICIOUS_MOVE = YES;
				CLANG_WARN_UNGUARDED_AVAILABILITY = YES_AGGRESSIVE;
				CLANG_WARN_UNREACHABLE_CODE = YES;
				CLANG_WARN__DUPLICATE_METHOD_MATCH = YES;
				COPY_PHASE_STRIP = NO;
				DEBUG_INFORMATION_FORMAT = dwarf;
				ENABLE_STRICT_OBJC_MSGSEND = YES;
				ENABLE_TESTABILITY = YES;
				GCC_C_LANGUAGE_STANDARD = gnu11;
				GCC_DYNAMIC_NO_PIC = NO;
				GCC_NO_COMMON_BLOCKS = YES;
				GCC_OPTIMIZATION_LEVEL = 0;
				GCC_PREPROCESSOR_DEFINITIONS = (
					"DEBUG=1",
					"$(inherited)",
				);
				GCC_WARN_64_TO_32_BIT_CONVERSION = YES;
				GCC_WARN_ABOUT_RETURN_TYPE = YES_ERROR;
				GCC_WARN_UNDECLARED_SELECTOR = YES;
				GCC_WARN_UNINITIALIZED_AUTOS = YES_AGGRESSIVE;
				GCC_WARN_UNUSED_FUNCTION = YES;
				GCC_WARN_UNUSED_VARIABLE = YES;
				IPHONEOS_DEPLOYMENT_TARGET = 14.4;
				MTL_ENABLE_DEBUG_INFO = INCLUDE_SOURCE;
				MTL_FAST_MATH = YES;
				ONLY_ACTIVE_ARCH = YES;
				SDKROOT = iphoneos;
				SWIFT_ACTIVE_COMPILATION_CONDITIONS = DEBUG;
				SWIFT_OPTIMIZATION_LEVEL = "-Onone";
			};
			name = Debug;
		};
		8AA98FA8266A533A00E72E7F /* Release */ = {
			isa = XCBuildConfiguration;
			buildSettings = {
				ALWAYS_SEARCH_USER_PATHS = NO;
				CLANG_ANALYZER_NONNULL = YES;
				CLANG_ANALYZER_NUMBER_OBJECT_CONVERSION = YES_AGGRESSIVE;
				CLANG_CXX_LANGUAGE_STANDARD = "gnu++14";
				CLANG_CXX_LIBRARY = "libc++";
				CLANG_ENABLE_MODULES = YES;
				CLANG_ENABLE_OBJC_ARC = YES;
				CLANG_ENABLE_OBJC_WEAK = YES;
				CLANG_WARN_BLOCK_CAPTURE_AUTORELEASING = YES;
				CLANG_WARN_BOOL_CONVERSION = YES;
				CLANG_WARN_COMMA = YES;
				CLANG_WARN_CONSTANT_CONVERSION = YES;
				CLANG_WARN_DEPRECATED_OBJC_IMPLEMENTATIONS = YES;
				CLANG_WARN_DIRECT_OBJC_ISA_USAGE = YES_ERROR;
				CLANG_WARN_DOCUMENTATION_COMMENTS = YES;
				CLANG_WARN_EMPTY_BODY = YES;
				CLANG_WARN_ENUM_CONVERSION = YES;
				CLANG_WARN_INFINITE_RECURSION = YES;
				CLANG_WARN_INT_CONVERSION = YES;
				CLANG_WARN_NON_LITERAL_NULL_CONVERSION = YES;
				CLANG_WARN_OBJC_IMPLICIT_RETAIN_SELF = YES;
				CLANG_WARN_OBJC_LITERAL_CONVERSION = YES;
				CLANG_WARN_OBJC_ROOT_CLASS = YES_ERROR;
				CLANG_WARN_QUOTED_INCLUDE_IN_FRAMEWORK_HEADER = YES;
				CLANG_WARN_RANGE_LOOP_ANALYSIS = YES;
				CLANG_WARN_STRICT_PROTOTYPES = YES;
				CLANG_WARN_SUSPICIOUS_MOVE = YES;
				CLANG_WARN_UNGUARDED_AVAILABILITY = YES_AGGRESSIVE;
				CLANG_WARN_UNREACHABLE_CODE = YES;
				CLANG_WARN__DUPLICATE_METHOD_MATCH = YES;
				COPY_PHASE_STRIP = NO;
				DEBUG_INFORMATION_FORMAT = "dwarf-with-dsym";
				ENABLE_NS_ASSERTIONS = NO;
				ENABLE_STRICT_OBJC_MSGSEND = YES;
				GCC_C_LANGUAGE_STANDARD = gnu11;
				GCC_NO_COMMON_BLOCKS = YES;
				GCC_WARN_64_TO_32_BIT_CONVERSION = YES;
				GCC_WARN_ABOUT_RETURN_TYPE = YES_ERROR;
				GCC_WARN_UNDECLARED_SELECTOR = YES;
				GCC_WARN_UNINITIALIZED_AUTOS = YES_AGGRESSIVE;
				GCC_WARN_UNUSED_FUNCTION = YES;
				GCC_WARN_UNUSED_VARIABLE = YES;
				IPHONEOS_DEPLOYMENT_TARGET = 14.4;
				MTL_ENABLE_DEBUG_INFO = NO;
				MTL_FAST_MATH = YES;
				SDKROOT = iphoneos;
				SWIFT_COMPILATION_MODE = wholemodule;
				SWIFT_OPTIMIZATION_LEVEL = "-O";
				VALIDATE_PRODUCT = YES;
			};
			name = Release;
		};
		8AA98FAA266A533A00E72E7F /* Debug */ = {
			isa = XCBuildConfiguration;
			baseConfigurationReference = B49F4EC45BF107614D73B21F /* Pods-Tesla.debug.xcconfig */;
			buildSettings = {
				ASSETCATALOG_COMPILER_APPICON_NAME = AppIcon;
				ASSETCATALOG_COMPILER_GLOBAL_ACCENT_COLOR_NAME = AccentColor;
				CODE_SIGN_STYLE = Automatic;
				INFOPLIST_FILE = Tesla/Info.plist;
				IPHONEOS_DEPLOYMENT_TARGET = 14.1;
				LD_RUNPATH_SEARCH_PATHS = (
					"$(inherited)",
					"@executable_path/Frameworks",
				);
				PRODUCT_BUNDLE_IDENTIFIER = "dilshod-iskandarov-dev.Tesla";
				PRODUCT_NAME = "$(TARGET_NAME)";
				SWIFT_VERSION = 5.0;
				TARGETED_DEVICE_FAMILY = "1,2";
			};
			name = Debug;
		};
		8AA98FAB266A533A00E72E7F /* Release */ = {
			isa = XCBuildConfiguration;
			baseConfigurationReference = BC347AE9F458B7C41E4BE379 /* Pods-Tesla.release.xcconfig */;
			buildSettings = {
				ASSETCATALOG_COMPILER_APPICON_NAME = AppIcon;
				ASSETCATALOG_COMPILER_GLOBAL_ACCENT_COLOR_NAME = AccentColor;
				CODE_SIGN_STYLE = Automatic;
				INFOPLIST_FILE = Tesla/Info.plist;
				IPHONEOS_DEPLOYMENT_TARGET = 14.1;
				LD_RUNPATH_SEARCH_PATHS = (
					"$(inherited)",
					"@executable_path/Frameworks",
				);
				PRODUCT_BUNDLE_IDENTIFIER = "dilshod-iskandarov-dev.Tesla";
				PRODUCT_NAME = "$(TARGET_NAME)";
				SWIFT_VERSION = 5.0;
				TARGETED_DEVICE_FAMILY = "1,2";
			};
			name = Release;
		};
/* End XCBuildConfiguration section */

/* Begin XCConfigurationList section */
		8AA98F8D266A533500E72E7F /* Build configuration list for PBXProject "Tesla" */ = {
			isa = XCConfigurationList;
			buildConfigurations = (
				8AA98FA7266A533A00E72E7F /* Debug */,
				8AA98FA8266A533A00E72E7F /* Release */,
			);
			defaultConfigurationIsVisible = 0;
			defaultConfigurationName = Release;
		};
		8AA98FA9266A533A00E72E7F /* Build configuration list for PBXNativeTarget "Tesla" */ = {
			isa = XCConfigurationList;
			buildConfigurations = (
				8AA98FAA266A533A00E72E7F /* Debug */,
				8AA98FAB266A533A00E72E7F /* Release */,
			);
			defaultConfigurationIsVisible = 0;
			defaultConfigurationName = Release;
		};
/* End XCConfigurationList section */

/* Begin XCVersionGroup section */
		8AA98F9E266A533500E72E7F /* Tesla.xcdatamodeld */ = {
			isa = XCVersionGroup;
			children = (
				8AA98F9F266A533500E72E7F /* Tesla.xcdatamodel */,
			);
			currentVersion = 8AA98F9F266A533500E72E7F /* Tesla.xcdatamodel */;
			path = Tesla.xcdatamodeld;
			sourceTree = "<group>";
			versionGroupType = wrapper.xcdatamodel;
		};
/* End XCVersionGroup section */
	};
	rootObject = 8AA98F8A266A533500E72E7F /* Project object */;
}
